
Microsoft Visual Studio Solution File, Format Version 12.00
# Visual Studio Version 17
VisualStudioVersion = 17.6.33927.249
MinimumVisualStudioVersion = 10.0.40219.1
Project("{FAE04EC0-301F-11D3-BF4B-00C04F79EFBC}") = "ServiceCollection.Extensions.DependencyInjection.Named", "ServiceCollection.Extensions.DependencyInjection.Named\ServiceCollection.Extensions.DependencyInjection.Named.csproj", "{FC1D3FC4-9A7F-4315-B8BE-1816455C63B6}"
EndProject
Global
	GlobalSection(SolutionConfigurationPlatforms) = preSolution
		Debug|Any CPU = Debug|Any CPU
		Release|Any CPU = Release|Any CPU
	EndGlobalSection
	GlobalSection(ProjectConfigurationPlatforms) = postSolution
		{FC1D3FC4-9A7F-4315-B8BE-1816455C63B6}.Debug|Any CPU.ActiveCfg = Debug|Any CPU
		{FC1D3FC4-9A7F-4315-B8BE-1816455C63B6}.Debug|Any CPU.Build.0 = Debug|Any CPU
		{FC1D3FC4-9A7F-4315-B8BE-1816455C63B6}.Release|Any CPU.ActiveCfg = Release|Any CPU
		{FC1D3FC4-9A7F-4315-B8BE-1816455C63B6}.Release|Any CPU.Build.0 = Release|Any CPU
	EndGlobalSection
	GlobalSection(SolutionProperties) = preSolution
		HideSolutionNode = FALSE
	EndGlobalSection
	GlobalSection(ExtensibilityGlobals) = postSolution
		SolutionGuid = {AF0070EB-4B1D-45E8-AA34-FE9BF0201E22}
	EndGlobalSection
EndGlobal
